
Microsoft Visual Studio Solution File, Format Version 12.00
# Visual Studio 15
VisualStudioVersion = 15.0.27703.2000
MinimumVisualStudioVersion = 10.0.40219.1
Project("{8BC9CEB8-8B4A-11D0-8D11-00A0C91BC942}") = "day6 주소연산자", "day6\day6.vcxproj", "{15CD0698-1032-4F81-801F-DC6E28B0B88A}"
EndProject
Project("{8BC9CEB8-8B4A-11D0-8D11-00A0C91BC942}") = "exam2", "exam2\exam2.vcxproj", "{1FB5F99F-5C0A-4308-A599-AE4CE711723E}"
EndProject
Project("{8BC9CEB8-8B4A-11D0-8D11-00A0C91BC942}") = "exam3", "exam3\exam3.vcxproj", "{01F99163-2A49-43AD-8CB3-5E93033021F4}"
EndProject
Project("{8BC9CEB8-8B4A-11D0-8D11-00A0C91BC942}") = "exam4", "exam4\exam4.vcxproj", "{17E64D96-DB5B-4068-961B-8E354C90FF61}"
EndProject
Project("{8BC9CEB8-8B4A-11D0-8D11-00A0C91BC942}") = "exam5", "exam5\exam5.vcxproj", "{8E0C99B0-18FF-482A-BE67-2C1544826406}"
EndProject
Project("{8BC9CEB8-8B4A-11D0-8D11-00A0C91BC942}") = "exam6", "exam6\exam6.vcxproj", "{E018A102-7CA5-4E5A-A1FD-A550538B3F4E}"
EndProject
Project("{8BC9CEB8-8B4A-11D0-8D11-00A0C91BC942}") = "exam7", "exam7\exam7.vcxproj", "{821C3CCB-027B-49A6-8590-E93F0AD61779}"
EndProject
Project("{8BC9CEB8-8B4A-11D0-8D11-00A0C91BC942}") = "exercise 11 -3 299p 예제 배열에서 최소값 구하기 완", "exercise 10-2 299p 예제 배열에서 최소값 구하기\exercise 10-2 299p 예제 배열에서 최소값 구하기.vcxproj", "{97E99E4A-3E92-4C37-A601-B39E63836E1C}"
EndProject
Project("{8BC9CEB8-8B4A-11D0-8D11-00A0C91BC942}") = "exercise 11-3 변형 최대값 찾기 완", "exercise 11-3 변형 최대값 찾기\exercise 11-3 변형 최대값 찾기.vcxproj", "{D5249055-861C-4843-9D44-B708A1EE2DB2}"
EndProject
Project("{8BC9CEB8-8B4A-11D0-8D11-00A0C91BC942}") = "exam9 문자상수열 331p", "exam9\exam9.vcxproj", "{F61E61CD-0269-4DA7-AD5D-24B45024560F}"
EndProject
Project("{8BC9CEB8-8B4A-11D0-8D11-00A0C91BC942}") = "exam 10", "exam 10\exam 10.vcxproj", "{F23CE500-D746-4A9B-9A8B-FBDAD770CB14}"
EndProject
Project("{8BC9CEB8-8B4A-11D0-8D11-00A0C91BC942}") = "exam11 오류발생", "exam11\exam11.vcxproj", "{146CF68B-CCB9-4D88-8500-E9A75D7B588C}"
EndProject
Project("{8BC9CEB8-8B4A-11D0-8D11-00A0C91BC942}") = "exam12 주요 문자열 처리 함수", "exam12 주요 문자열 처리 함수\exam12 주요 문자열 처리 함수.vcxproj", "{43F8836B-B520-41AC-8287-1E1539703DED}"
EndProject
Project("{8BC9CEB8-8B4A-11D0-8D11-00A0C91BC942}") = "exam13", "exam13\exam13.vcxproj", "{3D9D5717-77D0-4F25-9A65-08D62607A0BB}"
EndProject
Project("{8BC9CEB8-8B4A-11D0-8D11-00A0C91BC942}") = "exam14 오류발생", "exam14\exam14.vcxproj", "{D5728C1E-0907-4FBA-A8CF-4A9794123D1B}"
EndProject
Project("{8BC9CEB8-8B4A-11D0-8D11-00A0C91BC942}") = "exam 15 오류발생", "exam 15\exam 15.vcxproj", "{5CE3023D-CA7B-4536-9654-8E1C9AFBB536}"
EndProject
Project("{8BC9CEB8-8B4A-11D0-8D11-00A0C91BC942}") = "exam11 텍스트어드벤쳐 게임", "exam11 - 리얼타임\exam11-2.vcxproj", "{943232AD-1737-43E2-838A-FC63F4F898FF}"
EndProject
Global
	GlobalSection(SolutionConfigurationPlatforms) = preSolution
		Debug|x64 = Debug|x64
		Debug|x86 = Debug|x86
		Release|x64 = Release|x64
		Release|x86 = Release|x86
	EndGlobalSection
	GlobalSection(ProjectConfigurationPlatforms) = postSolution
		{15CD0698-1032-4F81-801F-DC6E28B0B88A}.Debug|x64.ActiveCfg = Debug|x64
		{15CD0698-1032-4F81-801F-DC6E28B0B88A}.Debug|x64.Build.0 = Debug|x64
		{15CD0698-1032-4F81-801F-DC6E28B0B88A}.Debug|x86.ActiveCfg = Debug|Win32
		{15CD0698-1032-4F81-801F-DC6E28B0B88A}.Debug|x86.Build.0 = Debug|Win32
		{15CD0698-1032-4F81-801F-DC6E28B0B88A}.Release|x64.ActiveCfg = Release|x64
		{15CD0698-1032-4F81-801F-DC6E28B0B88A}.Release|x64.Build.0 = Release|x64
		{15CD0698-1032-4F81-801F-DC6E28B0B88A}.Release|x86.ActiveCfg = Release|Win32
		{15CD0698-1032-4F81-801F-DC6E28B0B88A}.Release|x86.Build.0 = Release|Win32
		{1FB5F99F-5C0A-4308-A599-AE4CE711723E}.Debug|x64.ActiveCfg = Debug|x64
		{1FB5F99F-5C0A-4308-A599-AE4CE711723E}.Debug|x64.Build.0 = Debug|x64
		{1FB5F99F-5C0A-4308-A599-AE4CE711723E}.Debug|x86.ActiveCfg = Debug|Win32
		{1FB5F99F-5C0A-4308-A599-AE4CE711723E}.Debug|x86.Build.0 = Debug|Win32
		{1FB5F99F-5C0A-4308-A599-AE4CE711723E}.Release|x64.ActiveCfg = Release|x64
		{1FB5F99F-5C0A-4308-A599-AE4CE711723E}.Release|x64.Build.0 = Release|x64
		{1FB5F99F-5C0A-4308-A599-AE4CE711723E}.Release|x86.ActiveCfg = Release|Win32
		{1FB5F99F-5C0A-4308-A599-AE4CE711723E}.Release|x86.Build.0 = Release|Win32
		{01F99163-2A49-43AD-8CB3-5E93033021F4}.Debug|x64.ActiveCfg = Debug|x64
		{01F99163-2A49-43AD-8CB3-5E93033021F4}.Debug|x64.Build.0 = Debug|x64
		{01F99163-2A49-43AD-8CB3-5E93033021F4}.Debug|x86.ActiveCfg = Debug|Win32
		{01F99163-2A49-43AD-8CB3-5E93033021F4}.Debug|x86.Build.0 = Debug|Win32
		{01F99163-2A49-43AD-8CB3-5E93033021F4}.Release|x64.ActiveCfg = Release|x64
		{01F99163-2A49-43AD-8CB3-5E93033021F4}.Release|x64.Build.0 = Release|x64
		{01F99163-2A49-43AD-8CB3-5E93033021F4}.Release|x86.ActiveCfg = Release|Win32
		{01F99163-2A49-43AD-8CB3-5E93033021F4}.Release|x86.Build.0 = Release|Win32
		{17E64D96-DB5B-4068-961B-8E354C90FF61}.Debug|x64.ActiveCfg = Debug|x64
		{17E64D96-DB5B-4068-961B-8E354C90FF61}.Debug|x64.Build.0 = Debug|x64
		{17E64D96-DB5B-4068-961B-8E354C90FF61}.Debug|x86.ActiveCfg = Debug|Win32
		{17E64D96-DB5B-4068-961B-8E354C90FF61}.Debug|x86.Build.0 = Debug|Win32
		{17E64D96-DB5B-4068-961B-8E354C90FF61}.Release|x64.ActiveCfg = Release|x64
		{17E64D96-DB5B-4068-961B-8E354C90FF61}.Release|x64.Build.0 = Release|x64
		{17E64D96-DB5B-4068-961B-8E354C90FF61}.Release|x86.ActiveCfg = Release|Win32
		{17E64D96-DB5B-4068-961B-8E354C90FF61}.Release|x86.Build.0 = Release|Win32
		{8E0C99B0-18FF-482A-BE67-2C1544826406}.Debug|x64.ActiveCfg = Debug|x64
		{8E0C99B0-18FF-482A-BE67-2C1544826406}.Debug|x64.Build.0 = Debug|x64
		{8E0C99B0-18FF-482A-BE67-2C1544826406}.Debug|x86.ActiveCfg = Debug|Win32
		{8E0C99B0-18FF-482A-BE67-2C1544826406}.Debug|x86.Build.0 = Debug|Win32
		{8E0C99B0-18FF-482A-BE67-2C1544826406}.Release|x64.ActiveCfg = Release|x64
		{8E0C99B0-18FF-482A-BE67-2C1544826406}.Release|x64.Build.0 = Release|x64
		{8E0C99B0-18FF-482A-BE67-2C1544826406}.Release|x86.ActiveCfg = Release|Win32
		{8E0C99B0-18FF-482A-BE67-2C1544826406}.Release|x86.Build.0 = Release|Win32
		{E018A102-7CA5-4E5A-A1FD-A550538B3F4E}.Debug|x64.ActiveCfg = Debug|x64
		{E018A102-7CA5-4E5A-A1FD-A550538B3F4E}.Debug|x64.Build.0 = Debug|x64
		{E018A102-7CA5-4E5A-A1FD-A550538B3F4E}.Debug|x86.ActiveCfg = Debug|Win32
		{E018A102-7CA5-4E5A-A1FD-A550538B3F4E}.Debug|x86.Build.0 = Debug|Win32
		{E018A102-7CA5-4E5A-A1FD-A550538B3F4E}.Release|x64.ActiveCfg = Release|x64
		{E018A102-7CA5-4E5A-A1FD-A550538B3F4E}.Release|x64.Build.0 = Release|x64
		{E018A102-7CA5-4E5A-A1FD-A550538B3F4E}.Release|x86.ActiveCfg = Release|Win32
		{E018A102-7CA5-4E5A-A1FD-A550538B3F4E}.Release|x86.Build.0 = Release|Win32
		{821C3CCB-027B-49A6-8590-E93F0AD61779}.Debug|x64.ActiveCfg = Debug|x64
		{821C3CCB-027B-49A6-8590-E93F0AD61779}.Debug|x64.Build.0 = Debug|x64
		{821C3CCB-027B-49A6-8590-E93F0AD61779}.Debug|x86.ActiveCfg = Debug|Win32
		{821C3CCB-027B-49A6-8590-E93F0AD61779}.Debug|x86.Build.0 = Debug|Win32
		{821C3CCB-027B-49A6-8590-E93F0AD61779}.Release|x64.ActiveCfg = Release|x64
		{821C3CCB-027B-49A6-8590-E93F0AD61779}.Release|x64.Build.0 = Release|x64
		{821C3CCB-027B-49A6-8590-E93F0AD61779}.Release|x86.ActiveCfg = Release|Win32
		{821C3CCB-027B-49A6-8590-E93F0AD61779}.Release|x86.Build.0 = Release|Win32
		{97E99E4A-3E92-4C37-A601-B39E63836E1C}.Debug|x64.ActiveCfg = Debug|x64
		{97E99E4A-3E92-4C37-A601-B39E63836E1C}.Debug|x64.Build.0 = Debug|x64
		{97E99E4A-3E92-4C37-A601-B39E63836E1C}.Debug|x86.ActiveCfg = Debug|Win32
		{97E99E4A-3E92-4C37-A601-B39E63836E1C}.Debug|x86.Build.0 = Debug|Win32
		{97E99E4A-3E92-4C37-A601-B39E63836E1C}.Release|x64.ActiveCfg = Release|x64
		{97E99E4A-3E92-4C37-A601-B39E63836E1C}.Release|x64.Build.0 = Release|x64
		{97E99E4A-3E92-4C37-A601-B39E63836E1C}.Release|x86.ActiveCfg = Release|Win32
		{97E99E4A-3E92-4C37-A601-B39E63836E1C}.Release|x86.Build.0 = Release|Win32
		{D5249055-861C-4843-9D44-B708A1EE2DB2}.Debug|x64.ActiveCfg = Debug|x64
		{D5249055-861C-4843-9D44-B708A1EE2DB2}.Debug|x64.Build.0 = Debug|x64
		{D5249055-861C-4843-9D44-B708A1EE2DB2}.Debug|x86.ActiveCfg = Debug|Win32
		{D5249055-861C-4843-9D44-B708A1EE2DB2}.Debug|x86.Build.0 = Debug|Win32
		{D5249055-861C-4843-9D44-B708A1EE2DB2}.Release|x64.ActiveCfg = Release|x64
		{D5249055-861C-4843-9D44-B708A1EE2DB2}.Release|x64.Build.0 = Release|x64
		{D5249055-861C-4843-9D44-B708A1EE2DB2}.Release|x86.ActiveCfg = Release|Win32
		{D5249055-861C-4843-9D44-B708A1EE2DB2}.Release|x86.Build.0 = Release|Win32
		{F61E61CD-0269-4DA7-AD5D-24B45024560F}.Debug|x64.ActiveCfg = Debug|x64
		{F61E61CD-0269-4DA7-AD5D-24B45024560F}.Debug|x64.Build.0 = Debug|x64
		{F61E61CD-0269-4DA7-AD5D-24B45024560F}.Debug|x86.ActiveCfg = Debug|Win32
		{F61E61CD-0269-4DA7-AD5D-24B45024560F}.Debug|x86.Build.0 = Debug|Win32
		{F61E61CD-0269-4DA7-AD5D-24B45024560F}.Release|x64.ActiveCfg = Release|x64
		{F61E61CD-0269-4DA7-AD5D-24B45024560F}.Release|x64.Build.0 = Release|x64
		{F61E61CD-0269-4DA7-AD5D-24B45024560F}.Release|x86.ActiveCfg = Release|Win32
		{F61E61CD-0269-4DA7-AD5D-24B45024560F}.Release|x86.Build.0 = Release|Win32
		{F23CE500-D746-4A9B-9A8B-FBDAD770CB14}.Debug|x64.ActiveCfg = Debug|x64
		{F23CE500-D746-4A9B-9A8B-FBDAD770CB14}.Debug|x64.Build.0 = Debug|x64
		{F23CE500-D746-4A9B-9A8B-FBDAD770CB14}.Debug|x86.ActiveCfg = Debug|Win32
		{F23CE500-D746-4A9B-9A8B-FBDAD770CB14}.Debug|x86.Build.0 = Debug|Win32
		{F23CE500-D746-4A9B-9A8B-FBDAD770CB14}.Release|x64.ActiveCfg = Release|x64
		{F23CE500-D746-4A9B-9A8B-FBDAD770CB14}.Release|x64.Build.0 = Release|x64
		{F23CE500-D746-4A9B-9A8B-FBDAD770CB14}.Release|x86.ActiveCfg = Release|Win32
		{F23CE500-D746-4A9B-9A8B-FBDAD770CB14}.Release|x86.Build.0 = Release|Win32
		{146CF68B-CCB9-4D88-8500-E9A75D7B588C}.Debug|x64.ActiveCfg = Debug|x64
		{146CF68B-CCB9-4D88-8500-E9A75D7B588C}.Debug|x64.Build.0 = Debug|x64
		{146CF68B-CCB9-4D88-8500-E9A75D7B588C}.Debug|x86.ActiveCfg = Debug|Win32
		{146CF68B-CCB9-4D88-8500-E9A75D7B588C}.Debug|x86.Build.0 = Debug|Win32
		{146CF68B-CCB9-4D88-8500-E9A75D7B588C}.Release|x64.ActiveCfg = Release|x64
		{146CF68B-CCB9-4D88-8500-E9A75D7B588C}.Release|x64.Build.0 = Release|x64
		{146CF68B-CCB9-4D88-8500-E9A75D7B588C}.Release|x86.ActiveCfg = Release|Win32
		{146CF68B-CCB9-4D88-8500-E9A75D7B588C}.Release|x86.Build.0 = Release|Win32
		{43F8836B-B520-41AC-8287-1E1539703DED}.Debug|x64.ActiveCfg = Debug|x64
		{43F8836B-B520-41AC-8287-1E1539703DED}.Debug|x64.Build.0 = Debug|x64
		{43F8836B-B520-41AC-8287-1E1539703DED}.Debug|x86.ActiveCfg = Debug|Win32
		{43F8836B-B520-41AC-8287-1E1539703DED}.Debug|x86.Build.0 = Debug|Win32
		{43F8836B-B520-41AC-8287-1E1539703DED}.Release|x64.ActiveCfg = Release|x64
		{43F8836B-B520-41AC-8287-1E1539703DED}.Release|x64.Build.0 = Release|x64
		{43F8836B-B520-41AC-8287-1E1539703DED}.Release|x86.ActiveCfg = Release|Win32
		{43F8836B-B520-41AC-8287-1E1539703DED}.Release|x86.Build.0 = Release|Win32
		{3D9D5717-77D0-4F25-9A65-08D62607A0BB}.Debug|x64.ActiveCfg = Debug|x64
		{3D9D5717-77D0-4F25-9A65-08D62607A0BB}.Debug|x64.Build.0 = Debug|x64
		{3D9D5717-77D0-4F25-9A65-08D62607A0BB}.Debug|x86.ActiveCfg = Debug|Win32
		{3D9D5717-77D0-4F25-9A65-08D62607A0BB}.Debug|x86.Build.0 = Debug|Win32
		{3D9D5717-77D0-4F25-9A65-08D62607A0BB}.Release|x64.ActiveCfg = Release|x64
		{3D9D5717-77D0-4F25-9A65-08D62607A0BB}.Release|x64.Build.0 = Release|x64
		{3D9D5717-77D0-4F25-9A65-08D62607A0BB}.Release|x86.ActiveCfg = Release|Win32
		{3D9D5717-77D0-4F25-9A65-08D62607A0BB}.Release|x86.Build.0 = Release|Win32
		{D5728C1E-0907-4FBA-A8CF-4A9794123D1B}.Debug|x64.ActiveCfg = Debug|x64
		{D5728C1E-0907-4FBA-A8CF-4A9794123D1B}.Debug|x64.Build.0 = Debug|x64
		{D5728C1E-0907-4FBA-A8CF-4A9794123D1B}.Debug|x86.ActiveCfg = Debug|Win32
		{D5728C1E-0907-4FBA-A8CF-4A9794123D1B}.Debug|x86.Build.0 = Debug|Win32
		{D5728C1E-0907-4FBA-A8CF-4A9794123D1B}.Release|x64.ActiveCfg = Release|x64
		{D5728C1E-0907-4FBA-A8CF-4A9794123D1B}.Release|x64.Build.0 = Release|x64
		{D5728C1E-0907-4FBA-A8CF-4A9794123D1B}.Release|x86.ActiveCfg = Release|Win32
		{D5728C1E-0907-4FBA-A8CF-4A9794123D1B}.Release|x86.Build.0 = Release|Win32
		{5CE3023D-CA7B-4536-9654-8E1C9AFBB536}.Debug|x64.ActiveCfg = Debug|x64
		{5CE3023D-CA7B-4536-9654-8E1C9AFBB536}.Debug|x64.Build.0 = Debug|x64
		{5CE3023D-CA7B-4536-9654-8E1C9AFBB536}.Debug|x86.ActiveCfg = Debug|Win32
		{5CE3023D-CA7B-4536-9654-8E1C9AFBB536}.Debug|x86.Build.0 = Debug|Win32
		{5CE3023D-CA7B-4536-9654-8E1C9AFBB536}.Release|x64.ActiveCfg = Release|x64
		{5CE3023D-CA7B-4536-9654-8E1C9AFBB536}.Release|x64.Build.0 = Release|x64
		{5CE3023D-CA7B-4536-9654-8E1C9AFBB536}.Release|x86.ActiveCfg = Release|Win32
		{5CE3023D-CA7B-4536-9654-8E1C9AFBB536}.Release|x86.Build.0 = Release|Win32
		{943232AD-1737-43E2-838A-FC63F4F898FF}.Debug|x64.ActiveCfg = Debug|x64
		{943232AD-1737-43E2-838A-FC63F4F898FF}.Debug|x64.Build.0 = Debug|x64
		{943232AD-1737-43E2-838A-FC63F4F898FF}.Debug|x86.ActiveCfg = Debug|Win32
		{943232AD-1737-43E2-838A-FC63F4F898FF}.Debug|x86.Build.0 = Debug|Win32
		{943232AD-1737-43E2-838A-FC63F4F898FF}.Release|x64.ActiveCfg = Release|x64
		{943232AD-1737-43E2-838A-FC63F4F898FF}.Release|x64.Build.0 = Release|x64
		{943232AD-1737-43E2-838A-FC63F4F898FF}.Release|x86.ActiveCfg = Release|Win32
		{943232AD-1737-43E2-838A-FC63F4F898FF}.Release|x86.Build.0 = Release|Win32
	EndGlobalSection
	GlobalSection(SolutionProperties) = preSolution
		HideSolutionNode = FALSE
	EndGlobalSection
	GlobalSection(ExtensibilityGlobals) = postSolution
		SolutionGuid = {1F051032-3B0E-4215-9AF5-678213191DF5}
	EndGlobalSection
EndGlobal
