
Microsoft Visual Studio Solution File, Format Version 12.00
# Visual Studio 15
VisualStudioVersion = 15.0.27703.2000
MinimumVisualStudioVersion = 10.0.40219.1
Project("{8BC9CEB8-8B4A-11D0-8D11-00A0C91BC942}") = "day3", "day3\day3.vcxproj", "{24DB35EE-E4F9-4A79-9DE3-6D0E38ECD822}"
EndProject
Project("{8BC9CEB8-8B4A-11D0-8D11-00A0C91BC942}") = "exam1", "exam1\exam1.vcxproj", "{9708A677-F3E6-4B5B-B660-A80F542D8E79}"
EndProject
Project("{8BC9CEB8-8B4A-11D0-8D11-00A0C91BC942}") = "exam2", "exam2\exam2.vcxproj", "{528D0234-A9DC-48CC-8F4C-2414F30C875D}"
EndProject
Project("{8BC9CEB8-8B4A-11D0-8D11-00A0C91BC942}") = "exercise 5-2", "exercise 5-2\exercise 5-2.vcxproj", "{D9113BA0-8B00-43B8-BF50-02ABE316D52D}"
EndProject
Project("{8BC9CEB8-8B4A-11D0-8D11-00A0C91BC942}") = "exam3", "exam3\exam3.vcxproj", "{42C07AAF-2B3C-4C00-8D7B-909A0B88CE2C}"
EndProject
Project("{8BC9CEB8-8B4A-11D0-8D11-00A0C91BC942}") = "exercise5-3", "exercise5-3\exercise5-3.vcxproj", "{A4ADC7D3-61AE-47E4-8FA1-D8C4FCF26B24}"
EndProject
Project("{8BC9CEB8-8B4A-11D0-8D11-00A0C91BC942}") = "exam4", "exam4\exam4.vcxproj", "{8E88FE45-8965-46A9-92F0-4A9A24F43D26}"
EndProject
Project("{8BC9CEB8-8B4A-11D0-8D11-00A0C91BC942}") = "exam6", "exam6\exam6.vcxproj", "{115C80B5-8F11-46BF-B089-7491A5BA2492}"
EndProject
Project("{8BC9CEB8-8B4A-11D0-8D11-00A0C91BC942}") = "exercise6-1", "exercise6-1\exercise6-1.vcxproj", "{5A522F1A-7826-4D34-9BB0-AA29BE9AFDB0}"
EndProject
Project("{8BC9CEB8-8B4A-11D0-8D11-00A0C91BC942}") = "exercise 6-2", "exercise 6-2\exercise 6-2.vcxproj", "{89ABC004-FE78-4F46-BA5F-D5A82E187D30}"
EndProject
Project("{8BC9CEB8-8B4A-11D0-8D11-00A0C91BC942}") = "exercise 6-3 1번", "exercise 6-3 1번\exercise 6-3 1번.vcxproj", "{7E1D28A5-2F08-4A77-8BC0-71B091FB4119}"
EndProject
Project("{8BC9CEB8-8B4A-11D0-8D11-00A0C91BC942}") = "190p exercise 6-4 2번", "190p exercise 6-4 2번\190p exercise 6-4 2번.vcxproj", "{EB01FC53-F2AF-4185-B206-C1BF769C286E}"
EndProject
Project("{8BC9CEB8-8B4A-11D0-8D11-00A0C91BC942}") = "exam10", "exam10\exam10.vcxproj", "{9E90A707-500F-4610-89B5-3D1484F4AF2E}"
EndProject
Project("{8BC9CEB8-8B4A-11D0-8D11-00A0C91BC942}") = "exam11", "exam11\exam11.vcxproj", "{B49EFEA5-9A1E-4F2F-8A6A-4880F7B6708E}"
EndProject
Project("{8BC9CEB8-8B4A-11D0-8D11-00A0C91BC942}") = "exam 11-1 구구단", "exam 11-1\exam 11-1.vcxproj", "{CAB087FD-C717-4AEE-A2C6-05305441C940}"
EndProject
Project("{8BC9CEB8-8B4A-11D0-8D11-00A0C91BC942}") = "exam11-2 3의 배수", "exam11-2\exam11-2.vcxproj", "{A2088D7E-B5FA-4185-88CF-65D2EDC50271}"
EndProject
Project("{8BC9CEB8-8B4A-11D0-8D11-00A0C91BC942}") = "exam 12 전위 후위", "exam 12\exam 12.vcxproj", "{A2455AE2-9DC5-42AD-8D8D-02DF9DC11A8D}"
EndProject
Project("{8BC9CEB8-8B4A-11D0-8D11-00A0C91BC942}") = "exam13 for문", "exam13 for문\exam13 for문.vcxproj", "{6513D6E6-1188-4D1E-A5F5-3E49512066FA}"
EndProject
Project("{8BC9CEB8-8B4A-11D0-8D11-00A0C91BC942}") = "Exercise 7-5 216P", "Exercise 7-5 216P\Exercise 7-5 216P.vcxproj", "{F59C7152-FC11-4B2A-AF99-7117F74A39C4}"
EndProject
Project("{8BC9CEB8-8B4A-11D0-8D11-00A0C91BC942}") = "exam15 무한반복문", "exam15 무한반복문\exam15 무한반복문.vcxproj", "{F01F0B15-9180-4189-98FC-3AD1E22D3C1D}"
EndProject
Project("{8BC9CEB8-8B4A-11D0-8D11-00A0C91BC942}") = "exercise 7-5 2번 2 5 8단 만들기", "exercise 7-5 2번 2 5 8단 만들기\exercise 7-5 2번 2 5 8단 만들기.vcxproj", "{361943B7-8E06-4E53-A216-246ED553E041}"
EndProject
Project("{8BC9CEB8-8B4A-11D0-8D11-00A0C91BC942}") = "과제 피라미드 재도전", "과제 피라미드 재도전\과제 피라미드 재도전.vcxproj", "{749469D8-3707-45F1-A57B-739A4E86099C}"
EndProject
Project("{8BC9CEB8-8B4A-11D0-8D11-00A0C91BC942}") = "연습장", "연습장\연습장.vcxproj", "{73693E60-A063-4BDA-8333-845593E141F4}"
EndProject
Global
	GlobalSection(SolutionConfigurationPlatforms) = preSolution
		Debug|x64 = Debug|x64
		Debug|x86 = Debug|x86
		Release|x64 = Release|x64
		Release|x86 = Release|x86
	EndGlobalSection
	GlobalSection(ProjectConfigurationPlatforms) = postSolution
		{24DB35EE-E4F9-4A79-9DE3-6D0E38ECD822}.Debug|x64.ActiveCfg = Debug|x64
		{24DB35EE-E4F9-4A79-9DE3-6D0E38ECD822}.Debug|x64.Build.0 = Debug|x64
		{24DB35EE-E4F9-4A79-9DE3-6D0E38ECD822}.Debug|x86.ActiveCfg = Debug|Win32
		{24DB35EE-E4F9-4A79-9DE3-6D0E38ECD822}.Debug|x86.Build.0 = Debug|Win32
		{24DB35EE-E4F9-4A79-9DE3-6D0E38ECD822}.Release|x64.ActiveCfg = Release|x64
		{24DB35EE-E4F9-4A79-9DE3-6D0E38ECD822}.Release|x64.Build.0 = Release|x64
		{24DB35EE-E4F9-4A79-9DE3-6D0E38ECD822}.Release|x86.ActiveCfg = Release|Win32
		{24DB35EE-E4F9-4A79-9DE3-6D0E38ECD822}.Release|x86.Build.0 = Release|Win32
		{9708A677-F3E6-4B5B-B660-A80F542D8E79}.Debug|x64.ActiveCfg = Debug|x64
		{9708A677-F3E6-4B5B-B660-A80F542D8E79}.Debug|x64.Build.0 = Debug|x64
		{9708A677-F3E6-4B5B-B660-A80F542D8E79}.Debug|x86.ActiveCfg = Debug|Win32
		{9708A677-F3E6-4B5B-B660-A80F542D8E79}.Debug|x86.Build.0 = Debug|Win32
		{9708A677-F3E6-4B5B-B660-A80F542D8E79}.Release|x64.ActiveCfg = Release|x64
		{9708A677-F3E6-4B5B-B660-A80F542D8E79}.Release|x64.Build.0 = Release|x64
		{9708A677-F3E6-4B5B-B660-A80F542D8E79}.Release|x86.ActiveCfg = Release|Win32
		{9708A677-F3E6-4B5B-B660-A80F542D8E79}.Release|x86.Build.0 = Release|Win32
		{528D0234-A9DC-48CC-8F4C-2414F30C875D}.Debug|x64.ActiveCfg = Debug|x64
		{528D0234-A9DC-48CC-8F4C-2414F30C875D}.Debug|x64.Build.0 = Debug|x64
		{528D0234-A9DC-48CC-8F4C-2414F30C875D}.Debug|x86.ActiveCfg = Debug|Win32
		{528D0234-A9DC-48CC-8F4C-2414F30C875D}.Debug|x86.Build.0 = Debug|Win32
		{528D0234-A9DC-48CC-8F4C-2414F30C875D}.Release|x64.ActiveCfg = Release|x64
		{528D0234-A9DC-48CC-8F4C-2414F30C875D}.Release|x64.Build.0 = Release|x64
		{528D0234-A9DC-48CC-8F4C-2414F30C875D}.Release|x86.ActiveCfg = Release|Win32
		{528D0234-A9DC-48CC-8F4C-2414F30C875D}.Release|x86.Build.0 = Release|Win32
		{D9113BA0-8B00-43B8-BF50-02ABE316D52D}.Debug|x64.ActiveCfg = Debug|x64
		{D9113BA0-8B00-43B8-BF50-02ABE316D52D}.Debug|x64.Build.0 = Debug|x64
		{D9113BA0-8B00-43B8-BF50-02ABE316D52D}.Debug|x86.ActiveCfg = Debug|Win32
		{D9113BA0-8B00-43B8-BF50-02ABE316D52D}.Debug|x86.Build.0 = Debug|Win32
		{D9113BA0-8B00-43B8-BF50-02ABE316D52D}.Release|x64.ActiveCfg = Release|x64
		{D9113BA0-8B00-43B8-BF50-02ABE316D52D}.Release|x64.Build.0 = Release|x64
		{D9113BA0-8B00-43B8-BF50-02ABE316D52D}.Release|x86.ActiveCfg = Release|Win32
		{D9113BA0-8B00-43B8-BF50-02ABE316D52D}.Release|x86.Build.0 = Release|Win32
		{42C07AAF-2B3C-4C00-8D7B-909A0B88CE2C}.Debug|x64.ActiveCfg = Debug|x64
		{42C07AAF-2B3C-4C00-8D7B-909A0B88CE2C}.Debug|x64.Build.0 = Debug|x64
		{42C07AAF-2B3C-4C00-8D7B-909A0B88CE2C}.Debug|x86.ActiveCfg = Debug|Win32
		{42C07AAF-2B3C-4C00-8D7B-909A0B88CE2C}.Debug|x86.Build.0 = Debug|Win32
		{42C07AAF-2B3C-4C00-8D7B-909A0B88CE2C}.Release|x64.ActiveCfg = Release|x64
		{42C07AAF-2B3C-4C00-8D7B-909A0B88CE2C}.Release|x64.Build.0 = Release|x64
		{42C07AAF-2B3C-4C00-8D7B-909A0B88CE2C}.Release|x86.ActiveCfg = Release|Win32
		{42C07AAF-2B3C-4C00-8D7B-909A0B88CE2C}.Release|x86.Build.0 = Release|Win32
		{A4ADC7D3-61AE-47E4-8FA1-D8C4FCF26B24}.Debug|x64.ActiveCfg = Debug|x64
		{A4ADC7D3-61AE-47E4-8FA1-D8C4FCF26B24}.Debug|x64.Build.0 = Debug|x64
		{A4ADC7D3-61AE-47E4-8FA1-D8C4FCF26B24}.Debug|x86.ActiveCfg = Debug|Win32
		{A4ADC7D3-61AE-47E4-8FA1-D8C4FCF26B24}.Debug|x86.Build.0 = Debug|Win32
		{A4ADC7D3-61AE-47E4-8FA1-D8C4FCF26B24}.Release|x64.ActiveCfg = Release|x64
		{A4ADC7D3-61AE-47E4-8FA1-D8C4FCF26B24}.Release|x64.Build.0 = Release|x64
		{A4ADC7D3-61AE-47E4-8FA1-D8C4FCF26B24}.Release|x86.ActiveCfg = Release|Win32
		{A4ADC7D3-61AE-47E4-8FA1-D8C4FCF26B24}.Release|x86.Build.0 = Release|Win32
		{8E88FE45-8965-46A9-92F0-4A9A24F43D26}.Debug|x64.ActiveCfg = Debug|x64
		{8E88FE45-8965-46A9-92F0-4A9A24F43D26}.Debug|x64.Build.0 = Debug|x64
		{8E88FE45-8965-46A9-92F0-4A9A24F43D26}.Debug|x86.ActiveCfg = Debug|Win32
		{8E88FE45-8965-46A9-92F0-4A9A24F43D26}.Debug|x86.Build.0 = Debug|Win32
		{8E88FE45-8965-46A9-92F0-4A9A24F43D26}.Release|x64.ActiveCfg = Release|x64
		{8E88FE45-8965-46A9-92F0-4A9A24F43D26}.Release|x64.Build.0 = Release|x64
		{8E88FE45-8965-46A9-92F0-4A9A24F43D26}.Release|x86.ActiveCfg = Release|Win32
		{8E88FE45-8965-46A9-92F0-4A9A24F43D26}.Release|x86.Build.0 = Release|Win32
		{115C80B5-8F11-46BF-B089-7491A5BA2492}.Debug|x64.ActiveCfg = Debug|x64
		{115C80B5-8F11-46BF-B089-7491A5BA2492}.Debug|x64.Build.0 = Debug|x64
		{115C80B5-8F11-46BF-B089-7491A5BA2492}.Debug|x86.ActiveCfg = Debug|Win32
		{115C80B5-8F11-46BF-B089-7491A5BA2492}.Debug|x86.Build.0 = Debug|Win32
		{115C80B5-8F11-46BF-B089-7491A5BA2492}.Release|x64.ActiveCfg = Release|x64
		{115C80B5-8F11-46BF-B089-7491A5BA2492}.Release|x64.Build.0 = Release|x64
		{115C80B5-8F11-46BF-B089-7491A5BA2492}.Release|x86.ActiveCfg = Release|Win32
		{115C80B5-8F11-46BF-B089-7491A5BA2492}.Release|x86.Build.0 = Release|Win32
		{5A522F1A-7826-4D34-9BB0-AA29BE9AFDB0}.Debug|x64.ActiveCfg = Debug|x64
		{5A522F1A-7826-4D34-9BB0-AA29BE9AFDB0}.Debug|x64.Build.0 = Debug|x64
		{5A522F1A-7826-4D34-9BB0-AA29BE9AFDB0}.Debug|x86.ActiveCfg = Debug|Win32
		{5A522F1A-7826-4D34-9BB0-AA29BE9AFDB0}.Debug|x86.Build.0 = Debug|Win32
		{5A522F1A-7826-4D34-9BB0-AA29BE9AFDB0}.Release|x64.ActiveCfg = Release|x64
		{5A522F1A-7826-4D34-9BB0-AA29BE9AFDB0}.Release|x64.Build.0 = Release|x64
		{5A522F1A-7826-4D34-9BB0-AA29BE9AFDB0}.Release|x86.ActiveCfg = Release|Win32
		{5A522F1A-7826-4D34-9BB0-AA29BE9AFDB0}.Release|x86.Build.0 = Release|Win32
		{89ABC004-FE78-4F46-BA5F-D5A82E187D30}.Debug|x64.ActiveCfg = Debug|x64
		{89ABC004-FE78-4F46-BA5F-D5A82E187D30}.Debug|x64.Build.0 = Debug|x64
		{89ABC004-FE78-4F46-BA5F-D5A82E187D30}.Debug|x86.ActiveCfg = Debug|Win32
		{89ABC004-FE78-4F46-BA5F-D5A82E187D30}.Debug|x86.Build.0 = Debug|Win32
		{89ABC004-FE78-4F46-BA5F-D5A82E187D30}.Release|x64.ActiveCfg = Release|x64
		{89ABC004-FE78-4F46-BA5F-D5A82E187D30}.Release|x64.Build.0 = Release|x64
		{89ABC004-FE78-4F46-BA5F-D5A82E187D30}.Release|x86.ActiveCfg = Release|Win32
		{89ABC004-FE78-4F46-BA5F-D5A82E187D30}.Release|x86.Build.0 = Release|Win32
		{7E1D28A5-2F08-4A77-8BC0-71B091FB4119}.Debug|x64.ActiveCfg = Debug|x64
		{7E1D28A5-2F08-4A77-8BC0-71B091FB4119}.Debug|x64.Build.0 = Debug|x64
		{7E1D28A5-2F08-4A77-8BC0-71B091FB4119}.Debug|x86.ActiveCfg = Debug|Win32
		{7E1D28A5-2F08-4A77-8BC0-71B091FB4119}.Debug|x86.Build.0 = Debug|Win32
		{7E1D28A5-2F08-4A77-8BC0-71B091FB4119}.Release|x64.ActiveCfg = Release|x64
		{7E1D28A5-2F08-4A77-8BC0-71B091FB4119}.Release|x64.Build.0 = Release|x64
		{7E1D28A5-2F08-4A77-8BC0-71B091FB4119}.Release|x86.ActiveCfg = Release|Win32
		{7E1D28A5-2F08-4A77-8BC0-71B091FB4119}.Release|x86.Build.0 = Release|Win32
		{EB01FC53-F2AF-4185-B206-C1BF769C286E}.Debug|x64.ActiveCfg = Debug|x64
		{EB01FC53-F2AF-4185-B206-C1BF769C286E}.Debug|x64.Build.0 = Debug|x64
		{EB01FC53-F2AF-4185-B206-C1BF769C286E}.Debug|x86.ActiveCfg = Debug|Win32
		{EB01FC53-F2AF-4185-B206-C1BF769C286E}.Debug|x86.Build.0 = Debug|Win32
		{EB01FC53-F2AF-4185-B206-C1BF769C286E}.Release|x64.ActiveCfg = Release|x64
		{EB01FC53-F2AF-4185-B206-C1BF769C286E}.Release|x64.Build.0 = Release|x64
		{EB01FC53-F2AF-4185-B206-C1BF769C286E}.Release|x86.ActiveCfg = Release|Win32
		{EB01FC53-F2AF-4185-B206-C1BF769C286E}.Release|x86.Build.0 = Release|Win32
		{9E90A707-500F-4610-89B5-3D1484F4AF2E}.Debug|x64.ActiveCfg = Debug|x64
		{9E90A707-500F-4610-89B5-3D1484F4AF2E}.Debug|x64.Build.0 = Debug|x64
		{9E90A707-500F-4610-89B5-3D1484F4AF2E}.Debug|x86.ActiveCfg = Debug|Win32
		{9E90A707-500F-4610-89B5-3D1484F4AF2E}.Debug|x86.Build.0 = Debug|Win32
		{9E90A707-500F-4610-89B5-3D1484F4AF2E}.Release|x64.ActiveCfg = Release|x64
		{9E90A707-500F-4610-89B5-3D1484F4AF2E}.Release|x64.Build.0 = Release|x64
		{9E90A707-500F-4610-89B5-3D1484F4AF2E}.Release|x86.ActiveCfg = Release|Win32
		{9E90A707-500F-4610-89B5-3D1484F4AF2E}.Release|x86.Build.0 = Release|Win32
		{B49EFEA5-9A1E-4F2F-8A6A-4880F7B6708E}.Debug|x64.ActiveCfg = Debug|x64
		{B49EFEA5-9A1E-4F2F-8A6A-4880F7B6708E}.Debug|x64.Build.0 = Debug|x64
		{B49EFEA5-9A1E-4F2F-8A6A-4880F7B6708E}.Debug|x86.ActiveCfg = Debug|Win32
		{B49EFEA5-9A1E-4F2F-8A6A-4880F7B6708E}.Debug|x86.Build.0 = Debug|Win32
		{B49EFEA5-9A1E-4F2F-8A6A-4880F7B6708E}.Release|x64.ActiveCfg = Release|x64
		{B49EFEA5-9A1E-4F2F-8A6A-4880F7B6708E}.Release|x64.Build.0 = Release|x64
		{B49EFEA5-9A1E-4F2F-8A6A-4880F7B6708E}.Release|x86.ActiveCfg = Release|Win32
		{B49EFEA5-9A1E-4F2F-8A6A-4880F7B6708E}.Release|x86.Build.0 = Release|Win32
		{CAB087FD-C717-4AEE-A2C6-05305441C940}.Debug|x64.ActiveCfg = Debug|x64
		{CAB087FD-C717-4AEE-A2C6-05305441C940}.Debug|x64.Build.0 = Debug|x64
		{CAB087FD-C717-4AEE-A2C6-05305441C940}.Debug|x86.ActiveCfg = Debug|Win32
		{CAB087FD-C717-4AEE-A2C6-05305441C940}.Debug|x86.Build.0 = Debug|Win32
		{CAB087FD-C717-4AEE-A2C6-05305441C940}.Release|x64.ActiveCfg = Release|x64
		{CAB087FD-C717-4AEE-A2C6-05305441C940}.Release|x64.Build.0 = Release|x64
		{CAB087FD-C717-4AEE-A2C6-05305441C940}.Release|x86.ActiveCfg = Release|Win32
		{CAB087FD-C717-4AEE-A2C6-05305441C940}.Release|x86.Build.0 = Release|Win32
		{A2088D7E-B5FA-4185-88CF-65D2EDC50271}.Debug|x64.ActiveCfg = Debug|x64
		{A2088D7E-B5FA-4185-88CF-65D2EDC50271}.Debug|x64.Build.0 = Debug|x64
		{A2088D7E-B5FA-4185-88CF-65D2EDC50271}.Debug|x86.ActiveCfg = Debug|Win32
		{A2088D7E-B5FA-4185-88CF-65D2EDC50271}.Debug|x86.Build.0 = Debug|Win32
		{A2088D7E-B5FA-4185-88CF-65D2EDC50271}.Release|x64.ActiveCfg = Release|x64
		{A2088D7E-B5FA-4185-88CF-65D2EDC50271}.Release|x64.Build.0 = Release|x64
		{A2088D7E-B5FA-4185-88CF-65D2EDC50271}.Release|x86.ActiveCfg = Release|Win32
		{A2088D7E-B5FA-4185-88CF-65D2EDC50271}.Release|x86.Build.0 = Release|Win32
		{A2455AE2-9DC5-42AD-8D8D-02DF9DC11A8D}.Debug|x64.ActiveCfg = Debug|x64
		{A2455AE2-9DC5-42AD-8D8D-02DF9DC11A8D}.Debug|x64.Build.0 = Debug|x64
		{A2455AE2-9DC5-42AD-8D8D-02DF9DC11A8D}.Debug|x86.ActiveCfg = Debug|Win32
		{A2455AE2-9DC5-42AD-8D8D-02DF9DC11A8D}.Debug|x86.Build.0 = Debug|Win32
		{A2455AE2-9DC5-42AD-8D8D-02DF9DC11A8D}.Release|x64.ActiveCfg = Release|x64
		{A2455AE2-9DC5-42AD-8D8D-02DF9DC11A8D}.Release|x64.Build.0 = Release|x64
		{A2455AE2-9DC5-42AD-8D8D-02DF9DC11A8D}.Release|x86.ActiveCfg = Release|Win32
		{A2455AE2-9DC5-42AD-8D8D-02DF9DC11A8D}.Release|x86.Build.0 = Release|Win32
		{6513D6E6-1188-4D1E-A5F5-3E49512066FA}.Debug|x64.ActiveCfg = Debug|x64
		{6513D6E6-1188-4D1E-A5F5-3E49512066FA}.Debug|x64.Build.0 = Debug|x64
		{6513D6E6-1188-4D1E-A5F5-3E49512066FA}.Debug|x86.ActiveCfg = Debug|Win32
		{6513D6E6-1188-4D1E-A5F5-3E49512066FA}.Debug|x86.Build.0 = Debug|Win32
		{6513D6E6-1188-4D1E-A5F5-3E49512066FA}.Release|x64.ActiveCfg = Release|x64
		{6513D6E6-1188-4D1E-A5F5-3E49512066FA}.Release|x64.Build.0 = Release|x64
		{6513D6E6-1188-4D1E-A5F5-3E49512066FA}.Release|x86.ActiveCfg = Release|Win32
		{6513D6E6-1188-4D1E-A5F5-3E49512066FA}.Release|x86.Build.0 = Release|Win32
		{F59C7152-FC11-4B2A-AF99-7117F74A39C4}.Debug|x64.ActiveCfg = Debug|x64
		{F59C7152-FC11-4B2A-AF99-7117F74A39C4}.Debug|x64.Build.0 = Debug|x64
		{F59C7152-FC11-4B2A-AF99-7117F74A39C4}.Debug|x86.ActiveCfg = Debug|Win32
		{F59C7152-FC11-4B2A-AF99-7117F74A39C4}.Debug|x86.Build.0 = Debug|Win32
		{F59C7152-FC11-4B2A-AF99-7117F74A39C4}.Release|x64.ActiveCfg = Release|x64
		{F59C7152-FC11-4B2A-AF99-7117F74A39C4}.Release|x64.Build.0 = Release|x64
		{F59C7152-FC11-4B2A-AF99-7117F74A39C4}.Release|x86.ActiveCfg = Release|Win32
		{F59C7152-FC11-4B2A-AF99-7117F74A39C4}.Release|x86.Build.0 = Release|Win32
		{F01F0B15-9180-4189-98FC-3AD1E22D3C1D}.Debug|x64.ActiveCfg = Debug|x64
		{F01F0B15-9180-4189-98FC-3AD1E22D3C1D}.Debug|x64.Build.0 = Debug|x64
		{F01F0B15-9180-4189-98FC-3AD1E22D3C1D}.Debug|x86.ActiveCfg = Debug|Win32
		{F01F0B15-9180-4189-98FC-3AD1E22D3C1D}.Debug|x86.Build.0 = Debug|Win32
		{F01F0B15-9180-4189-98FC-3AD1E22D3C1D}.Release|x64.ActiveCfg = Release|x64
		{F01F0B15-9180-4189-98FC-3AD1E22D3C1D}.Release|x64.Build.0 = Release|x64
		{F01F0B15-9180-4189-98FC-3AD1E22D3C1D}.Release|x86.ActiveCfg = Release|Win32
		{F01F0B15-9180-4189-98FC-3AD1E22D3C1D}.Release|x86.Build.0 = Release|Win32
		{361943B7-8E06-4E53-A216-246ED553E041}.Debug|x64.ActiveCfg = Debug|x64
		{361943B7-8E06-4E53-A216-246ED553E041}.Debug|x64.Build.0 = Debug|x64
		{361943B7-8E06-4E53-A216-246ED553E041}.Debug|x86.ActiveCfg = Debug|Win32
		{361943B7-8E06-4E53-A216-246ED553E041}.Debug|x86.Build.0 = Debug|Win32
		{361943B7-8E06-4E53-A216-246ED553E041}.Release|x64.ActiveCfg = Release|x64
		{361943B7-8E06-4E53-A216-246ED553E041}.Release|x64.Build.0 = Release|x64
		{361943B7-8E06-4E53-A216-246ED553E041}.Release|x86.ActiveCfg = Release|Win32
		{361943B7-8E06-4E53-A216-246ED553E041}.Release|x86.Build.0 = Release|Win32
		{749469D8-3707-45F1-A57B-739A4E86099C}.Debug|x64.ActiveCfg = Debug|x64
		{749469D8-3707-45F1-A57B-739A4E86099C}.Debug|x64.Build.0 = Debug|x64
		{749469D8-3707-45F1-A57B-739A4E86099C}.Debug|x86.ActiveCfg = Debug|Win32
		{749469D8-3707-45F1-A57B-739A4E86099C}.Debug|x86.Build.0 = Debug|Win32
		{749469D8-3707-45F1-A57B-739A4E86099C}.Release|x64.ActiveCfg = Release|x64
		{749469D8-3707-45F1-A57B-739A4E86099C}.Release|x64.Build.0 = Release|x64
		{749469D8-3707-45F1-A57B-739A4E86099C}.Release|x86.ActiveCfg = Release|Win32
		{749469D8-3707-45F1-A57B-739A4E86099C}.Release|x86.Build.0 = Release|Win32
		{73693E60-A063-4BDA-8333-845593E141F4}.Debug|x64.ActiveCfg = Debug|x64
		{73693E60-A063-4BDA-8333-845593E141F4}.Debug|x64.Build.0 = Debug|x64
		{73693E60-A063-4BDA-8333-845593E141F4}.Debug|x86.ActiveCfg = Debug|Win32
		{73693E60-A063-4BDA-8333-845593E141F4}.Debug|x86.Build.0 = Debug|Win32
		{73693E60-A063-4BDA-8333-845593E141F4}.Release|x64.ActiveCfg = Release|x64
		{73693E60-A063-4BDA-8333-845593E141F4}.Release|x64.Build.0 = Release|x64
		{73693E60-A063-4BDA-8333-845593E141F4}.Release|x86.ActiveCfg = Release|Win32
		{73693E60-A063-4BDA-8333-845593E141F4}.Release|x86.Build.0 = Release|Win32
	EndGlobalSection
	GlobalSection(SolutionProperties) = preSolution
		HideSolutionNode = FALSE
	EndGlobalSection
	GlobalSection(ExtensibilityGlobals) = postSolution
		SolutionGuid = {35E382D3-60E1-4D03-B02B-E6AC8A728E32}
	EndGlobalSection
EndGlobal
