
Microsoft Visual Studio Solution File, Format Version 12.00
# Visual Studio 15
VisualStudioVersion = 15.0.27703.2000
MinimumVisualStudioVersion = 10.0.40219.1
Project("{8BC9CEB8-8B4A-11D0-8D11-00A0C91BC942}") = "Day7", "Day7\Day7.vcxproj", "{4CC99AEF-BCEB-4287-9703-8AC1E1A5511F}"
EndProject
Project("{8BC9CEB8-8B4A-11D0-8D11-00A0C91BC942}") = "exam2", "exam2\exam2.vcxproj", "{03807A9F-0493-4E80-8667-03E1052764A1}"
EndProject
Project("{8BC9CEB8-8B4A-11D0-8D11-00A0C91BC942}") = "exam3 정말중요한 count", "exam3\exam3.vcxproj", "{301235BE-906E-4CF4-A324-3CD2F023E4DB}"
EndProject
Project("{8BC9CEB8-8B4A-11D0-8D11-00A0C91BC942}") = "exam4 static의 이해sfdafx추가해야함", "exam4\exam4.vcxproj", "{D5A5301D-5A8F-4E49-A11C-C2C406993202}"
EndProject
Project("{8BC9CEB8-8B4A-11D0-8D11-00A0C91BC942}") = "exam5 외부 변수", "exam5 외부 변수\exam5 외부 변수.vcxproj", "{84DA3AC7-B02E-4B2D-A2C2-2001D2019C0B}"
EndProject
Project("{8BC9CEB8-8B4A-11D0-8D11-00A0C91BC942}") = "exam6 이차원 배열 오류", "exam6 이차원 배열\exam6 이차원 배열.vcxproj", "{F45A6D8A-67B7-4333-AAF1-F1D48BFA866C}"
EndProject
Project("{8BC9CEB8-8B4A-11D0-8D11-00A0C91BC942}") = "exam7", "exam7\exam7.vcxproj", "{7F35F707-6644-49F3-8522-6ECBF9935C30}"
EndProject
Project("{8BC9CEB8-8B4A-11D0-8D11-00A0C91BC942}") = "exam8", "exam8\exam8.vcxproj", "{1C070663-F112-4AB7-9403-7F663CB920F3}"
EndProject
Project("{8BC9CEB8-8B4A-11D0-8D11-00A0C91BC942}") = "exam9 복습해야함", "exam9\exam9.vcxproj", "{C8BE1459-21E1-4F4C-80DE-6F9B9EDD0448}"
EndProject
Project("{8BC9CEB8-8B4A-11D0-8D11-00A0C91BC942}") = "exam10", "exam10\exam10.vcxproj", "{35D6DEC9-D7F1-4C38-A184-D8EA0ECC1C4D}"
EndProject
Project("{8BC9CEB8-8B4A-11D0-8D11-00A0C91BC942}") = "exam11 텍스트어드벤쳐 게임", "exam11\exam11.vcxproj", "{54893C92-FAE7-47C5-9CB8-22D6EF5FD9B8}"
EndProject
Project("{8BC9CEB8-8B4A-11D0-8D11-00A0C91BC942}") = "exam12 글자색 변환", "exam12\exam12.vcxproj", "{A2191FC9-50D3-4A77-9EBA-F088CA3A73E7}"
EndProject
Project("{8BC9CEB8-8B4A-11D0-8D11-00A0C91BC942}") = "exam11 텍스트어드벤쳐 게임", "exam11 - 리얼타임\exam11-2.vcxproj", "{943232AD-1737-43E2-838A-FC63F4F898FF}"
EndProject
Global
	GlobalSection(SolutionConfigurationPlatforms) = preSolution
		Debug|x64 = Debug|x64
		Debug|x86 = Debug|x86
		Release|x64 = Release|x64
		Release|x86 = Release|x86
	EndGlobalSection
	GlobalSection(ProjectConfigurationPlatforms) = postSolution
		{4CC99AEF-BCEB-4287-9703-8AC1E1A5511F}.Debug|x64.ActiveCfg = Debug|x64
		{4CC99AEF-BCEB-4287-9703-8AC1E1A5511F}.Debug|x64.Build.0 = Debug|x64
		{4CC99AEF-BCEB-4287-9703-8AC1E1A5511F}.Debug|x86.ActiveCfg = Debug|Win32
		{4CC99AEF-BCEB-4287-9703-8AC1E1A5511F}.Debug|x86.Build.0 = Debug|Win32
		{4CC99AEF-BCEB-4287-9703-8AC1E1A5511F}.Release|x64.ActiveCfg = Release|x64
		{4CC99AEF-BCEB-4287-9703-8AC1E1A5511F}.Release|x64.Build.0 = Release|x64
		{4CC99AEF-BCEB-4287-9703-8AC1E1A5511F}.Release|x86.ActiveCfg = Release|Win32
		{4CC99AEF-BCEB-4287-9703-8AC1E1A5511F}.Release|x86.Build.0 = Release|Win32
		{03807A9F-0493-4E80-8667-03E1052764A1}.Debug|x64.ActiveCfg = Debug|x64
		{03807A9F-0493-4E80-8667-03E1052764A1}.Debug|x64.Build.0 = Debug|x64
		{03807A9F-0493-4E80-8667-03E1052764A1}.Debug|x86.ActiveCfg = Debug|Win32
		{03807A9F-0493-4E80-8667-03E1052764A1}.Debug|x86.Build.0 = Debug|Win32
		{03807A9F-0493-4E80-8667-03E1052764A1}.Release|x64.ActiveCfg = Release|x64
		{03807A9F-0493-4E80-8667-03E1052764A1}.Release|x64.Build.0 = Release|x64
		{03807A9F-0493-4E80-8667-03E1052764A1}.Release|x86.ActiveCfg = Release|Win32
		{03807A9F-0493-4E80-8667-03E1052764A1}.Release|x86.Build.0 = Release|Win32
		{301235BE-906E-4CF4-A324-3CD2F023E4DB}.Debug|x64.ActiveCfg = Debug|x64
		{301235BE-906E-4CF4-A324-3CD2F023E4DB}.Debug|x64.Build.0 = Debug|x64
		{301235BE-906E-4CF4-A324-3CD2F023E4DB}.Debug|x86.ActiveCfg = Debug|Win32
		{301235BE-906E-4CF4-A324-3CD2F023E4DB}.Debug|x86.Build.0 = Debug|Win32
		{301235BE-906E-4CF4-A324-3CD2F023E4DB}.Release|x64.ActiveCfg = Release|x64
		{301235BE-906E-4CF4-A324-3CD2F023E4DB}.Release|x64.Build.0 = Release|x64
		{301235BE-906E-4CF4-A324-3CD2F023E4DB}.Release|x86.ActiveCfg = Release|Win32
		{301235BE-906E-4CF4-A324-3CD2F023E4DB}.Release|x86.Build.0 = Release|Win32
		{D5A5301D-5A8F-4E49-A11C-C2C406993202}.Debug|x64.ActiveCfg = Debug|x64
		{D5A5301D-5A8F-4E49-A11C-C2C406993202}.Debug|x64.Build.0 = Debug|x64
		{D5A5301D-5A8F-4E49-A11C-C2C406993202}.Debug|x86.ActiveCfg = Debug|Win32
		{D5A5301D-5A8F-4E49-A11C-C2C406993202}.Debug|x86.Build.0 = Debug|Win32
		{D5A5301D-5A8F-4E49-A11C-C2C406993202}.Release|x64.ActiveCfg = Release|x64
		{D5A5301D-5A8F-4E49-A11C-C2C406993202}.Release|x64.Build.0 = Release|x64
		{D5A5301D-5A8F-4E49-A11C-C2C406993202}.Release|x86.ActiveCfg = Release|Win32
		{D5A5301D-5A8F-4E49-A11C-C2C406993202}.Release|x86.Build.0 = Release|Win32
		{84DA3AC7-B02E-4B2D-A2C2-2001D2019C0B}.Debug|x64.ActiveCfg = Debug|x64
		{84DA3AC7-B02E-4B2D-A2C2-2001D2019C0B}.Debug|x64.Build.0 = Debug|x64
		{84DA3AC7-B02E-4B2D-A2C2-2001D2019C0B}.Debug|x86.ActiveCfg = Debug|Win32
		{84DA3AC7-B02E-4B2D-A2C2-2001D2019C0B}.Debug|x86.Build.0 = Debug|Win32
		{84DA3AC7-B02E-4B2D-A2C2-2001D2019C0B}.Release|x64.ActiveCfg = Release|x64
		{84DA3AC7-B02E-4B2D-A2C2-2001D2019C0B}.Release|x64.Build.0 = Release|x64
		{84DA3AC7-B02E-4B2D-A2C2-2001D2019C0B}.Release|x86.ActiveCfg = Release|Win32
		{84DA3AC7-B02E-4B2D-A2C2-2001D2019C0B}.Release|x86.Build.0 = Release|Win32
		{F45A6D8A-67B7-4333-AAF1-F1D48BFA866C}.Debug|x64.ActiveCfg = Debug|x64
		{F45A6D8A-67B7-4333-AAF1-F1D48BFA866C}.Debug|x64.Build.0 = Debug|x64
		{F45A6D8A-67B7-4333-AAF1-F1D48BFA866C}.Debug|x86.ActiveCfg = Debug|Win32
		{F45A6D8A-67B7-4333-AAF1-F1D48BFA866C}.Debug|x86.Build.0 = Debug|Win32
		{F45A6D8A-67B7-4333-AAF1-F1D48BFA866C}.Release|x64.ActiveCfg = Release|x64
		{F45A6D8A-67B7-4333-AAF1-F1D48BFA866C}.Release|x64.Build.0 = Release|x64
		{F45A6D8A-67B7-4333-AAF1-F1D48BFA866C}.Release|x86.ActiveCfg = Release|Win32
		{F45A6D8A-67B7-4333-AAF1-F1D48BFA866C}.Release|x86.Build.0 = Release|Win32
		{7F35F707-6644-49F3-8522-6ECBF9935C30}.Debug|x64.ActiveCfg = Debug|x64
		{7F35F707-6644-49F3-8522-6ECBF9935C30}.Debug|x64.Build.0 = Debug|x64
		{7F35F707-6644-49F3-8522-6ECBF9935C30}.Debug|x86.ActiveCfg = Debug|Win32
		{7F35F707-6644-49F3-8522-6ECBF9935C30}.Debug|x86.Build.0 = Debug|Win32
		{7F35F707-6644-49F3-8522-6ECBF9935C30}.Release|x64.ActiveCfg = Release|x64
		{7F35F707-6644-49F3-8522-6ECBF9935C30}.Release|x64.Build.0 = Release|x64
		{7F35F707-6644-49F3-8522-6ECBF9935C30}.Release|x86.ActiveCfg = Release|Win32
		{7F35F707-6644-49F3-8522-6ECBF9935C30}.Release|x86.Build.0 = Release|Win32
		{1C070663-F112-4AB7-9403-7F663CB920F3}.Debug|x64.ActiveCfg = Debug|x64
		{1C070663-F112-4AB7-9403-7F663CB920F3}.Debug|x64.Build.0 = Debug|x64
		{1C070663-F112-4AB7-9403-7F663CB920F3}.Debug|x86.ActiveCfg = Debug|Win32
		{1C070663-F112-4AB7-9403-7F663CB920F3}.Debug|x86.Build.0 = Debug|Win32
		{1C070663-F112-4AB7-9403-7F663CB920F3}.Release|x64.ActiveCfg = Release|x64
		{1C070663-F112-4AB7-9403-7F663CB920F3}.Release|x64.Build.0 = Release|x64
		{1C070663-F112-4AB7-9403-7F663CB920F3}.Release|x86.ActiveCfg = Release|Win32
		{1C070663-F112-4AB7-9403-7F663CB920F3}.Release|x86.Build.0 = Release|Win32
		{C8BE1459-21E1-4F4C-80DE-6F9B9EDD0448}.Debug|x64.ActiveCfg = Debug|x64
		{C8BE1459-21E1-4F4C-80DE-6F9B9EDD0448}.Debug|x64.Build.0 = Debug|x64
		{C8BE1459-21E1-4F4C-80DE-6F9B9EDD0448}.Debug|x86.ActiveCfg = Debug|Win32
		{C8BE1459-21E1-4F4C-80DE-6F9B9EDD0448}.Debug|x86.Build.0 = Debug|Win32
		{C8BE1459-21E1-4F4C-80DE-6F9B9EDD0448}.Release|x64.ActiveCfg = Release|x64
		{C8BE1459-21E1-4F4C-80DE-6F9B9EDD0448}.Release|x64.Build.0 = Release|x64
		{C8BE1459-21E1-4F4C-80DE-6F9B9EDD0448}.Release|x86.ActiveCfg = Release|Win32
		{C8BE1459-21E1-4F4C-80DE-6F9B9EDD0448}.Release|x86.Build.0 = Release|Win32
		{35D6DEC9-D7F1-4C38-A184-D8EA0ECC1C4D}.Debug|x64.ActiveCfg = Debug|x64
		{35D6DEC9-D7F1-4C38-A184-D8EA0ECC1C4D}.Debug|x64.Build.0 = Debug|x64
		{35D6DEC9-D7F1-4C38-A184-D8EA0ECC1C4D}.Debug|x86.ActiveCfg = Debug|Win32
		{35D6DEC9-D7F1-4C38-A184-D8EA0ECC1C4D}.Debug|x86.Build.0 = Debug|Win32
		{35D6DEC9-D7F1-4C38-A184-D8EA0ECC1C4D}.Release|x64.ActiveCfg = Release|x64
		{35D6DEC9-D7F1-4C38-A184-D8EA0ECC1C4D}.Release|x64.Build.0 = Release|x64
		{35D6DEC9-D7F1-4C38-A184-D8EA0ECC1C4D}.Release|x86.ActiveCfg = Release|Win32
		{35D6DEC9-D7F1-4C38-A184-D8EA0ECC1C4D}.Release|x86.Build.0 = Release|Win32
		{54893C92-FAE7-47C5-9CB8-22D6EF5FD9B8}.Debug|x64.ActiveCfg = Debug|x64
		{54893C92-FAE7-47C5-9CB8-22D6EF5FD9B8}.Debug|x64.Build.0 = Debug|x64
		{54893C92-FAE7-47C5-9CB8-22D6EF5FD9B8}.Debug|x86.ActiveCfg = Debug|Win32
		{54893C92-FAE7-47C5-9CB8-22D6EF5FD9B8}.Debug|x86.Build.0 = Debug|Win32
		{54893C92-FAE7-47C5-9CB8-22D6EF5FD9B8}.Release|x64.ActiveCfg = Release|x64
		{54893C92-FAE7-47C5-9CB8-22D6EF5FD9B8}.Release|x64.Build.0 = Release|x64
		{54893C92-FAE7-47C5-9CB8-22D6EF5FD9B8}.Release|x86.ActiveCfg = Release|Win32
		{54893C92-FAE7-47C5-9CB8-22D6EF5FD9B8}.Release|x86.Build.0 = Release|Win32
		{A2191FC9-50D3-4A77-9EBA-F088CA3A73E7}.Debug|x64.ActiveCfg = Debug|x64
		{A2191FC9-50D3-4A77-9EBA-F088CA3A73E7}.Debug|x64.Build.0 = Debug|x64
		{A2191FC9-50D3-4A77-9EBA-F088CA3A73E7}.Debug|x86.ActiveCfg = Debug|Win32
		{A2191FC9-50D3-4A77-9EBA-F088CA3A73E7}.Debug|x86.Build.0 = Debug|Win32
		{A2191FC9-50D3-4A77-9EBA-F088CA3A73E7}.Release|x64.ActiveCfg = Release|x64
		{A2191FC9-50D3-4A77-9EBA-F088CA3A73E7}.Release|x64.Build.0 = Release|x64
		{A2191FC9-50D3-4A77-9EBA-F088CA3A73E7}.Release|x86.ActiveCfg = Release|Win32
		{A2191FC9-50D3-4A77-9EBA-F088CA3A73E7}.Release|x86.Build.0 = Release|Win32
		{943232AD-1737-43E2-838A-FC63F4F898FF}.Debug|x64.ActiveCfg = Debug|x64
		{943232AD-1737-43E2-838A-FC63F4F898FF}.Debug|x64.Build.0 = Debug|x64
		{943232AD-1737-43E2-838A-FC63F4F898FF}.Debug|x86.ActiveCfg = Debug|Win32
		{943232AD-1737-43E2-838A-FC63F4F898FF}.Debug|x86.Build.0 = Debug|Win32
		{943232AD-1737-43E2-838A-FC63F4F898FF}.Release|x64.ActiveCfg = Release|x64
		{943232AD-1737-43E2-838A-FC63F4F898FF}.Release|x64.Build.0 = Release|x64
		{943232AD-1737-43E2-838A-FC63F4F898FF}.Release|x86.ActiveCfg = Release|Win32
		{943232AD-1737-43E2-838A-FC63F4F898FF}.Release|x86.Build.0 = Release|Win32
	EndGlobalSection
	GlobalSection(SolutionProperties) = preSolution
		HideSolutionNode = FALSE
	EndGlobalSection
	GlobalSection(ExtensibilityGlobals) = postSolution
		SolutionGuid = {04BB7977-BF7E-467F-9B78-F4BB74834C11}
	EndGlobalSection
EndGlobal
